
Microsoft Visual Studio Solution File, Format Version 12.00
# Visual Studio Version 16
VisualStudioVersion = 16.0.31624.102
MinimumVisualStudioVersion = 10.0.40219.1
Project("{FAE04EC0-301F-11D3-BF4B-00C04F79EFBC}") = "API_Conta_Bancaria", "API_Conta_Bancaria\API_Conta_Bancaria.csproj", "{C6E3E7B9-EB6A-46BC-86C1-B656D26C09FB}"
EndProject
Project("{2150E333-8FDC-42A3-9474-1A3956D46DE8}") = "1 - API", "1 - API", "{BD87F7B0-64FF-4873-BE63-035B260053B2}"
EndProject
Global
	GlobalSection(SolutionConfigurationPlatforms) = preSolution
		Debug|Any CPU = Debug|Any CPU
		Release|Any CPU = Release|Any CPU
	EndGlobalSection
	GlobalSection(ProjectConfigurationPlatforms) = postSolution
		{C6E3E7B9-EB6A-46BC-86C1-B656D26C09FB}.Debug|Any CPU.ActiveCfg = Debug|Any CPU
		{C6E3E7B9-EB6A-46BC-86C1-B656D26C09FB}.Debug|Any CPU.Build.0 = Debug|Any CPU
		{C6E3E7B9-EB6A-46BC-86C1-B656D26C09FB}.Release|Any CPU.ActiveCfg = Release|Any CPU
		{C6E3E7B9-EB6A-46BC-86C1-B656D26C09FB}.Release|Any CPU.Build.0 = Release|Any CPU
	EndGlobalSection
	GlobalSection(SolutionProperties) = preSolution
		HideSolutionNode = FALSE
	EndGlobalSection
	GlobalSection(NestedProjects) = preSolution
		{C6E3E7B9-EB6A-46BC-86C1-B656D26C09FB} = {BD87F7B0-64FF-4873-BE63-035B260053B2}
	EndGlobalSection
	GlobalSection(ExtensibilityGlobals) = postSolution
		SolutionGuid = {6EEE4AD0-A2DA-453E-81DE-701FA8C04085}
	EndGlobalSection
EndGlobal
